
Microsoft Visual Studio Solution File, Format Version 12.00
# Visual Studio Version 17
VisualStudioVersion = 17.9.34728.123
MinimumVisualStudioVersion = 10.0.40219.1
Project("{FAE04EC0-301F-11D3-BF4B-00C04F79EFBC}") = "EmpCrudBE", "EmpCrudBE\EmpCrudBE.csproj", "{7867DA2F-F4EF-4334-B1A5-72C4C55026C4}"
EndProject
Global
	GlobalSection(SolutionConfigurationPlatforms) = preSolution
		Debug|Any CPU = Debug|Any CPU
		Release|Any CPU = Release|Any CPU
	EndGlobalSection
	GlobalSection(ProjectConfigurationPlatforms) = postSolution
		{7867DA2F-F4EF-4334-B1A5-72C4C55026C4}.Debug|Any CPU.ActiveCfg = Debug|Any CPU
		{7867DA2F-F4EF-4334-B1A5-72C4C55026C4}.Debug|Any CPU.Build.0 = Debug|Any CPU
		{7867DA2F-F4EF-4334-B1A5-72C4C55026C4}.Release|Any CPU.ActiveCfg = Release|Any CPU
		{7867DA2F-F4EF-4334-B1A5-72C4C55026C4}.Release|Any CPU.Build.0 = Release|Any CPU
	EndGlobalSection
	GlobalSection(SolutionProperties) = preSolution
		HideSolutionNode = FALSE
	EndGlobalSection
	GlobalSection(ExtensibilityGlobals) = postSolution
		SolutionGuid = {3A0C05EF-7975-4465-94F5-07734F9B3E27}
	EndGlobalSection
EndGlobal
